
Microsoft Visual Studio Solution File, Format Version 12.00
# Visual Studio Version 16
VisualStudioVersion = 16.0.31729.503
MinimumVisualStudioVersion = 10.0.40219.1
Project("{FAE04EC0-301F-11D3-BF4B-00C04F79EFBC}") = "RabbitMqConsumer", "..\RabbitMqConsumer\RabbitMqConsumer.csproj", "{374BA44E-FC7B-4ECB-AB15-13591F420CD9}"
EndProject
Project("{FAE04EC0-301F-11D3-BF4B-00C04F79EFBC}") = "RabbitMQProducer", "..\RabbitMQProducer\RabbitMQProducer.csproj", "{BC949822-6BE6-4A7B-81EF-4D5DEDF8520E}"
EndProject
Global
	GlobalSection(SolutionConfigurationPlatforms) = preSolution
		Debug|Any CPU = Debug|Any CPU
		Release|Any CPU = Release|Any CPU
	EndGlobalSection
	GlobalSection(ProjectConfigurationPlatforms) = postSolution
		{374BA44E-FC7B-4ECB-AB15-13591F420CD9}.Debug|Any CPU.ActiveCfg = Debug|Any CPU
		{374BA44E-FC7B-4ECB-AB15-13591F420CD9}.Debug|Any CPU.Build.0 = Debug|Any CPU
		{374BA44E-FC7B-4ECB-AB15-13591F420CD9}.Release|Any CPU.ActiveCfg = Release|Any CPU
		{374BA44E-FC7B-4ECB-AB15-13591F420CD9}.Release|Any CPU.Build.0 = Release|Any CPU
		{BC949822-6BE6-4A7B-81EF-4D5DEDF8520E}.Debug|Any CPU.ActiveCfg = Debug|Any CPU
		{BC949822-6BE6-4A7B-81EF-4D5DEDF8520E}.Debug|Any CPU.Build.0 = Debug|Any CPU
		{BC949822-6BE6-4A7B-81EF-4D5DEDF8520E}.Release|Any CPU.ActiveCfg = Release|Any CPU
		{BC949822-6BE6-4A7B-81EF-4D5DEDF8520E}.Release|Any CPU.Build.0 = Release|Any CPU
	EndGlobalSection
	GlobalSection(SolutionProperties) = preSolution
		HideSolutionNode = FALSE
	EndGlobalSection
	GlobalSection(ExtensibilityGlobals) = postSolution
		SolutionGuid = {F8E4BB11-91B3-4B2B-8ECD-B7D5545640F3}
	EndGlobalSection
EndGlobal
